Microsoft Visual Studio Solution File, Format Version 12.00
# Visual Studio Version 17
VisualStudioVersion = 17.5.2.0
MinimumVisualStudioVersion = 10.0.40219.1
Project("{FAE04EC0-301F-11D3-BF4B-00C04F79EFBC}") = "FixIt", "FixIt\FixIt.csproj", "{A07DF574-7847-A486-8F39-9267F8D27610}"
EndProject
Global
	GlobalSection(SolutionConfigurationPlatforms) = preSolution
		Debug|Any CPU = Debug|Any CPU
		Release|Any CPU = Release|Any CPU
	EndGlobalSection
	GlobalSection(ProjectConfigurationPlatforms) = postSolution
		{A07DF574-7847-A486-8F39-9267F8D27610}.Debug|Any CPU.ActiveCfg = Debug|Any CPU
		{A07DF574-7847-A486-8F39-9267F8D27610}.Debug|Any CPU.Build.0 = Debug|Any CPU
		{A07DF574-7847-A486-8F39-9267F8D27610}.Release|Any CPU.ActiveCfg = Release|Any CPU
		{A07DF574-7847-A486-8F39-9267F8D27610}.Release|Any CPU.Build.0 = Release|Any CPU
	EndGlobalSection
	GlobalSection(SolutionProperties) = preSolution
		HideSolutionNode = FALSE
	EndGlobalSection
	GlobalSection(ExtensibilityGlobals) = postSolution
		SolutionGuid = {A8B04865-BA7F-47EC-89DA-C6505B31A7F3}
	EndGlobalSection
EndGlobal
